
Microsoft Visual Studio Solution File, Format Version 11.00
# Visual Studio 2010
Project("{8BC9CEB8-8B4A-11D0-8D11-00A0C91BC942}") = "ivfile_test", "ivfile_test\ivfile_test.vcxproj", "{16ECE474-03CA-48B6-A213-3F2666C10F1D}"
	ProjectSection(ProjectDependencies) = postProject
		{9F9EDF65-EC84-475F-A1EA-90331B457BFE} = {9F9EDF65-EC84-475F-A1EA-90331B457BFE}
	EndProjectSection
EndProject
Project("{8BC9CEB8-8B4A-11D0-8D11-00A0C91BC942}") = "ivfile", "ivfile\ivfile.vcxproj", "{9F9EDF65-EC84-475F-A1EA-90331B457BFE}"
EndProject
Project("{8BC9CEB8-8B4A-11D0-8D11-00A0C91BC942}") = "kurs_proto", "kurs_proto\kurs_proto.vcxproj", "{D5D5A0E5-3E6E-4309-B214-4C6644851F62}"
	ProjectSection(ProjectDependencies) = postProject
		{9F9EDF65-EC84-475F-A1EA-90331B457BFE} = {9F9EDF65-EC84-475F-A1EA-90331B457BFE}
		{7D2396D2-958B-4CD5-B22A-7968D88B6EDA} = {7D2396D2-958B-4CD5-B22A-7968D88B6EDA}
	EndProjectSection
EndProject
Project("{8BC9CEB8-8B4A-11D0-8D11-00A0C91BC942}") = "libjpeg", "libjpeg\libjpeg.vcxproj", "{7D2396D2-958B-4CD5-B22A-7968D88B6EDA}"
EndProject
Global
	GlobalSection(SolutionConfigurationPlatforms) = preSolution
		Debug|Win32 = Debug|Win32
		Release|Win32 = Release|Win32
	EndGlobalSection
	GlobalSection(ProjectConfigurationPlatforms) = postSolution
		{16ECE474-03CA-48B6-A213-3F2666C10F1D}.Debug|Win32.ActiveCfg = Debug|Win32
		{16ECE474-03CA-48B6-A213-3F2666C10F1D}.Debug|Win32.Build.0 = Debug|Win32
		{16ECE474-03CA-48B6-A213-3F2666C10F1D}.Release|Win32.ActiveCfg = Release|Win32
		{16ECE474-03CA-48B6-A213-3F2666C10F1D}.Release|Win32.Build.0 = Release|Win32
		{9F9EDF65-EC84-475F-A1EA-90331B457BFE}.Debug|Win32.ActiveCfg = Debug|Win32
		{9F9EDF65-EC84-475F-A1EA-90331B457BFE}.Debug|Win32.Build.0 = Debug|Win32
		{9F9EDF65-EC84-475F-A1EA-90331B457BFE}.Release|Win32.ActiveCfg = Release|Win32
		{9F9EDF65-EC84-475F-A1EA-90331B457BFE}.Release|Win32.Build.0 = Release|Win32
		{D5D5A0E5-3E6E-4309-B214-4C6644851F62}.Debug|Win32.ActiveCfg = Debug|Win32
		{D5D5A0E5-3E6E-4309-B214-4C6644851F62}.Debug|Win32.Build.0 = Debug|Win32
		{D5D5A0E5-3E6E-4309-B214-4C6644851F62}.Release|Win32.ActiveCfg = Release|Win32
		{D5D5A0E5-3E6E-4309-B214-4C6644851F62}.Release|Win32.Build.0 = Release|Win32
		{7D2396D2-958B-4CD5-B22A-7968D88B6EDA}.Debug|Win32.ActiveCfg = Debug|Win32
		{7D2396D2-958B-4CD5-B22A-7968D88B6EDA}.Debug|Win32.Build.0 = Debug|Win32
		{7D2396D2-958B-4CD5-B22A-7968D88B6EDA}.Release|Win32.ActiveCfg = Release|Win32
		{7D2396D2-958B-4CD5-B22A-7968D88B6EDA}.Release|Win32.Build.0 = Release|Win32
	EndGlobalSection
	GlobalSection(SolutionProperties) = preSolution
		HideSolutionNode = FALSE
	EndGlobalSection
EndGlobal
