
Microsoft Visual Studio Solution File, Format Version 11.00
# Visual Studio 2010
Project("{8BC9CEB8-8B4A-11D0-8D11-00A0C91BC942}") = "ivfile", "ivfile\ivfile.vcxproj", "{9F9EDF65-EC84-475F-A1EA-90331B457BFE}"
EndProject
Project("{8BC9CEB8-8B4A-11D0-8D11-00A0C91BC942}") = "libjpeg", "libjpeg\libjpeg.vcxproj", "{7D2396D2-958B-4CD5-B22A-7968D88B6EDA}"
EndProject
Project("{8BC9CEB8-8B4A-11D0-8D11-00A0C91BC942}") = "isifter", "isifter\isifter.vcxproj", "{45657DF9-76D2-441F-94E7-74FF089F7930}"
	ProjectSection(ProjectDependencies) = postProject
		{728D864D-4DFA-4D9C-B9AE-1260D2812D82} = {728D864D-4DFA-4D9C-B9AE-1260D2812D82}
		{08356E52-09DB-41F2-9C61-B44BB2B8D080} = {08356E52-09DB-41F2-9C61-B44BB2B8D080}
		{7D2396D2-958B-4CD5-B22A-7968D88B6EDA} = {7D2396D2-958B-4CD5-B22A-7968D88B6EDA}
		{12CF77F4-3744-4672-9B06-D247004C9942} = {12CF77F4-3744-4672-9B06-D247004C9942}
	EndProjectSection
EndProject
Project("{8BC9CEB8-8B4A-11D0-8D11-00A0C91BC942}") = "Image", "Image\Image.vcxproj", "{728D864D-4DFA-4D9C-B9AE-1260D2812D82}"
EndProject
Project("{8BC9CEB8-8B4A-11D0-8D11-00A0C91BC942}") = "Util", "Util\Util.vcxproj", "{08356E52-09DB-41F2-9C61-B44BB2B8D080}"
EndProject
Project("{8BC9CEB8-8B4A-11D0-8D11-00A0C91BC942}") = "HIKMTree", "HIKMTree\HIKMTree.vcxproj", "{C290C756-6691-4F82-97CF-9DA212DBAAF3}"
EndProject
Project("{8BC9CEB8-8B4A-11D0-8D11-00A0C91BC942}") = "Sift", "Sift\Sift.vcxproj", "{12CF77F4-3744-4672-9B06-D247004C9942}"
EndProject
Project("{2150E333-8FDC-42A3-9474-1A3956D46DE8}") = "libs", "libs", "{7E12BF2B-59BB-4DE3-8597-1DB3634C86EE}"
EndProject
Project("{8BC9CEB8-8B4A-11D0-8D11-00A0C91BC942}") = "tree_creator", "tree_creator\tree_creator.vcxproj", "{177C3B5C-BD1F-4F93-896C-AE649F7CF340}"
	ProjectSection(ProjectDependencies) = postProject
		{728D864D-4DFA-4D9C-B9AE-1260D2812D82} = {728D864D-4DFA-4D9C-B9AE-1260D2812D82}
		{08356E52-09DB-41F2-9C61-B44BB2B8D080} = {08356E52-09DB-41F2-9C61-B44BB2B8D080}
		{C290C756-6691-4F82-97CF-9DA212DBAAF3} = {C290C756-6691-4F82-97CF-9DA212DBAAF3}
		{7D2396D2-958B-4CD5-B22A-7968D88B6EDA} = {7D2396D2-958B-4CD5-B22A-7968D88B6EDA}
		{12CF77F4-3744-4672-9B06-D247004C9942} = {12CF77F4-3744-4672-9B06-D247004C9942}
	EndProjectSection
EndProject
Project("{8BC9CEB8-8B4A-11D0-8D11-00A0C91BC942}") = "iwords", "iwords\iwords.vcxproj", "{1A1EF5E9-6A51-4195-B562-DA7048A8A1E7}"
	ProjectSection(ProjectDependencies) = postProject
		{728D864D-4DFA-4D9C-B9AE-1260D2812D82} = {728D864D-4DFA-4D9C-B9AE-1260D2812D82}
		{08356E52-09DB-41F2-9C61-B44BB2B8D080} = {08356E52-09DB-41F2-9C61-B44BB2B8D080}
		{C290C756-6691-4F82-97CF-9DA212DBAAF3} = {C290C756-6691-4F82-97CF-9DA212DBAAF3}
		{7D2396D2-958B-4CD5-B22A-7968D88B6EDA} = {7D2396D2-958B-4CD5-B22A-7968D88B6EDA}
		{12CF77F4-3744-4672-9B06-D247004C9942} = {12CF77F4-3744-4672-9B06-D247004C9942}
	EndProjectSection
EndProject
Project("{8BC9CEB8-8B4A-11D0-8D11-00A0C91BC942}") = "ivf_creator", "ivf_creator\ivf_creator.vcxproj", "{66882A51-A24A-42C6-A14A-D6218C8D4B75}"
	ProjectSection(ProjectDependencies) = postProject
		{728D864D-4DFA-4D9C-B9AE-1260D2812D82} = {728D864D-4DFA-4D9C-B9AE-1260D2812D82}
		{08356E52-09DB-41F2-9C61-B44BB2B8D080} = {08356E52-09DB-41F2-9C61-B44BB2B8D080}
		{C290C756-6691-4F82-97CF-9DA212DBAAF3} = {C290C756-6691-4F82-97CF-9DA212DBAAF3}
		{9F9EDF65-EC84-475F-A1EA-90331B457BFE} = {9F9EDF65-EC84-475F-A1EA-90331B457BFE}
		{7D2396D2-958B-4CD5-B22A-7968D88B6EDA} = {7D2396D2-958B-4CD5-B22A-7968D88B6EDA}
		{12CF77F4-3744-4672-9B06-D247004C9942} = {12CF77F4-3744-4672-9B06-D247004C9942}
		{45657DF9-76D2-441F-94E7-74FF089F7930} = {45657DF9-76D2-441F-94E7-74FF089F7930}
	EndProjectSection
EndProject
Project("{8BC9CEB8-8B4A-11D0-8D11-00A0C91BC942}") = "query_maker", "query_maker\query_maker.vcxproj", "{91563DDE-D48E-45C2-AB5F-210F3F24550D}"
	ProjectSection(ProjectDependencies) = postProject
		{728D864D-4DFA-4D9C-B9AE-1260D2812D82} = {728D864D-4DFA-4D9C-B9AE-1260D2812D82}
		{08356E52-09DB-41F2-9C61-B44BB2B8D080} = {08356E52-09DB-41F2-9C61-B44BB2B8D080}
		{C290C756-6691-4F82-97CF-9DA212DBAAF3} = {C290C756-6691-4F82-97CF-9DA212DBAAF3}
		{9F9EDF65-EC84-475F-A1EA-90331B457BFE} = {9F9EDF65-EC84-475F-A1EA-90331B457BFE}
		{7D2396D2-958B-4CD5-B22A-7968D88B6EDA} = {7D2396D2-958B-4CD5-B22A-7968D88B6EDA}
		{12CF77F4-3744-4672-9B06-D247004C9942} = {12CF77F4-3744-4672-9B06-D247004C9942}
	EndProjectSection
EndProject
Global
	GlobalSection(SolutionConfigurationPlatforms) = preSolution
		Debug|Win32 = Debug|Win32
		Release|Win32 = Release|Win32
	EndGlobalSection
	GlobalSection(ProjectConfigurationPlatforms) = postSolution
		{9F9EDF65-EC84-475F-A1EA-90331B457BFE}.Debug|Win32.ActiveCfg = Debug|Win32
		{9F9EDF65-EC84-475F-A1EA-90331B457BFE}.Debug|Win32.Build.0 = Debug|Win32
		{9F9EDF65-EC84-475F-A1EA-90331B457BFE}.Release|Win32.ActiveCfg = Release|Win32
		{9F9EDF65-EC84-475F-A1EA-90331B457BFE}.Release|Win32.Build.0 = Release|Win32
		{7D2396D2-958B-4CD5-B22A-7968D88B6EDA}.Debug|Win32.ActiveCfg = Debug|Win32
		{7D2396D2-958B-4CD5-B22A-7968D88B6EDA}.Debug|Win32.Build.0 = Debug|Win32
		{7D2396D2-958B-4CD5-B22A-7968D88B6EDA}.Release|Win32.ActiveCfg = Release|Win32
		{7D2396D2-958B-4CD5-B22A-7968D88B6EDA}.Release|Win32.Build.0 = Release|Win32
		{45657DF9-76D2-441F-94E7-74FF089F7930}.Debug|Win32.ActiveCfg = Debug|Win32
		{45657DF9-76D2-441F-94E7-74FF089F7930}.Debug|Win32.Build.0 = Debug|Win32
		{45657DF9-76D2-441F-94E7-74FF089F7930}.Release|Win32.ActiveCfg = Release|Win32
		{45657DF9-76D2-441F-94E7-74FF089F7930}.Release|Win32.Build.0 = Release|Win32
		{728D864D-4DFA-4D9C-B9AE-1260D2812D82}.Debug|Win32.ActiveCfg = Debug|Win32
		{728D864D-4DFA-4D9C-B9AE-1260D2812D82}.Debug|Win32.Build.0 = Debug|Win32
		{728D864D-4DFA-4D9C-B9AE-1260D2812D82}.Release|Win32.ActiveCfg = Release|Win32
		{728D864D-4DFA-4D9C-B9AE-1260D2812D82}.Release|Win32.Build.0 = Release|Win32
		{08356E52-09DB-41F2-9C61-B44BB2B8D080}.Debug|Win32.ActiveCfg = Debug|Win32
		{08356E52-09DB-41F2-9C61-B44BB2B8D080}.Debug|Win32.Build.0 = Debug|Win32
		{08356E52-09DB-41F2-9C61-B44BB2B8D080}.Release|Win32.ActiveCfg = Release|Win32
		{08356E52-09DB-41F2-9C61-B44BB2B8D080}.Release|Win32.Build.0 = Release|Win32
		{C290C756-6691-4F82-97CF-9DA212DBAAF3}.Debug|Win32.ActiveCfg = Debug|Win32
		{C290C756-6691-4F82-97CF-9DA212DBAAF3}.Debug|Win32.Build.0 = Debug|Win32
		{C290C756-6691-4F82-97CF-9DA212DBAAF3}.Release|Win32.ActiveCfg = Release|Win32
		{C290C756-6691-4F82-97CF-9DA212DBAAF3}.Release|Win32.Build.0 = Release|Win32
		{12CF77F4-3744-4672-9B06-D247004C9942}.Debug|Win32.ActiveCfg = Debug|Win32
		{12CF77F4-3744-4672-9B06-D247004C9942}.Debug|Win32.Build.0 = Debug|Win32
		{12CF77F4-3744-4672-9B06-D247004C9942}.Release|Win32.ActiveCfg = Release|Win32
		{12CF77F4-3744-4672-9B06-D247004C9942}.Release|Win32.Build.0 = Release|Win32
		{177C3B5C-BD1F-4F93-896C-AE649F7CF340}.Debug|Win32.ActiveCfg = Debug|Win32
		{177C3B5C-BD1F-4F93-896C-AE649F7CF340}.Debug|Win32.Build.0 = Debug|Win32
		{177C3B5C-BD1F-4F93-896C-AE649F7CF340}.Release|Win32.ActiveCfg = Release|Win32
		{177C3B5C-BD1F-4F93-896C-AE649F7CF340}.Release|Win32.Build.0 = Release|Win32
		{1A1EF5E9-6A51-4195-B562-DA7048A8A1E7}.Debug|Win32.ActiveCfg = Debug|Win32
		{1A1EF5E9-6A51-4195-B562-DA7048A8A1E7}.Debug|Win32.Build.0 = Debug|Win32
		{1A1EF5E9-6A51-4195-B562-DA7048A8A1E7}.Release|Win32.ActiveCfg = Release|Win32
		{1A1EF5E9-6A51-4195-B562-DA7048A8A1E7}.Release|Win32.Build.0 = Release|Win32
		{66882A51-A24A-42C6-A14A-D6218C8D4B75}.Debug|Win32.ActiveCfg = Debug|Win32
		{66882A51-A24A-42C6-A14A-D6218C8D4B75}.Debug|Win32.Build.0 = Debug|Win32
		{66882A51-A24A-42C6-A14A-D6218C8D4B75}.Release|Win32.ActiveCfg = Release|Win32
		{66882A51-A24A-42C6-A14A-D6218C8D4B75}.Release|Win32.Build.0 = Release|Win32
		{91563DDE-D48E-45C2-AB5F-210F3F24550D}.Debug|Win32.ActiveCfg = Debug|Win32
		{91563DDE-D48E-45C2-AB5F-210F3F24550D}.Debug|Win32.Build.0 = Debug|Win32
		{91563DDE-D48E-45C2-AB5F-210F3F24550D}.Release|Win32.ActiveCfg = Release|Win32
		{91563DDE-D48E-45C2-AB5F-210F3F24550D}.Release|Win32.Build.0 = Release|Win32
	EndGlobalSection
	GlobalSection(SolutionProperties) = preSolution
		HideSolutionNode = FALSE
	EndGlobalSection
	GlobalSection(NestedProjects) = preSolution
		{7D2396D2-958B-4CD5-B22A-7968D88B6EDA} = {7E12BF2B-59BB-4DE3-8597-1DB3634C86EE}
		{728D864D-4DFA-4D9C-B9AE-1260D2812D82} = {7E12BF2B-59BB-4DE3-8597-1DB3634C86EE}
		{08356E52-09DB-41F2-9C61-B44BB2B8D080} = {7E12BF2B-59BB-4DE3-8597-1DB3634C86EE}
		{C290C756-6691-4F82-97CF-9DA212DBAAF3} = {7E12BF2B-59BB-4DE3-8597-1DB3634C86EE}
		{12CF77F4-3744-4672-9B06-D247004C9942} = {7E12BF2B-59BB-4DE3-8597-1DB3634C86EE}
		{9F9EDF65-EC84-475F-A1EA-90331B457BFE} = {7E12BF2B-59BB-4DE3-8597-1DB3634C86EE}
	EndGlobalSection
EndGlobal
