
Microsoft Visual Studio Solution File, Format Version 11.00
# Visual Studio 2010
Project("{8BC9CEB8-8B4A-11D0-8D11-00A0C91BC942}") = "ivfile_test", "ivfile_test\ivfile_test.vcxproj", "{16ECE474-03CA-48B6-A213-3F2666C10F1D}"
	ProjectSection(ProjectDependencies) = postProject
		{9F9EDF65-EC84-475F-A1EA-90331B457BFE} = {9F9EDF65-EC84-475F-A1EA-90331B457BFE}
	EndProjectSection
EndProject
Project("{8BC9CEB8-8B4A-11D0-8D11-00A0C91BC942}") = "ivfile", "ivfile\ivfile.vcxproj", "{9F9EDF65-EC84-475F-A1EA-90331B457BFE}"
EndProject
Project("{8BC9CEB8-8B4A-11D0-8D11-00A0C91BC942}") = "kurs_proto", "kurs_proto\kurs_proto.vcxproj", "{D5D5A0E5-3E6E-4309-B214-4C6644851F62}"
	ProjectSection(ProjectDependencies) = postProject
		{728D864D-4DFA-4D9C-B9AE-1260D2812D82} = {728D864D-4DFA-4D9C-B9AE-1260D2812D82}
		{08356E52-09DB-41F2-9C61-B44BB2B8D080} = {08356E52-09DB-41F2-9C61-B44BB2B8D080}
		{C290C756-6691-4F82-97CF-9DA212DBAAF3} = {C290C756-6691-4F82-97CF-9DA212DBAAF3}
		{9F9EDF65-EC84-475F-A1EA-90331B457BFE} = {9F9EDF65-EC84-475F-A1EA-90331B457BFE}
		{7D2396D2-958B-4CD5-B22A-7968D88B6EDA} = {7D2396D2-958B-4CD5-B22A-7968D88B6EDA}
		{12CF77F4-3744-4672-9B06-D247004C9942} = {12CF77F4-3744-4672-9B06-D247004C9942}
	EndProjectSection
EndProject
Project("{8BC9CEB8-8B4A-11D0-8D11-00A0C91BC942}") = "libjpeg", "libjpeg\libjpeg.vcxproj", "{7D2396D2-958B-4CD5-B22A-7968D88B6EDA}"
EndProject
Project("{8BC9CEB8-8B4A-11D0-8D11-00A0C91BC942}") = "isifter", "isifter\isifter.vcxproj", "{45657DF9-76D2-441F-94E7-74FF089F7930}"
	ProjectSection(ProjectDependencies) = postProject
		{728D864D-4DFA-4D9C-B9AE-1260D2812D82} = {728D864D-4DFA-4D9C-B9AE-1260D2812D82}
		{08356E52-09DB-41F2-9C61-B44BB2B8D080} = {08356E52-09DB-41F2-9C61-B44BB2B8D080}
		{7D2396D2-958B-4CD5-B22A-7968D88B6EDA} = {7D2396D2-958B-4CD5-B22A-7968D88B6EDA}
		{12CF77F4-3744-4672-9B06-D247004C9942} = {12CF77F4-3744-4672-9B06-D247004C9942}
	EndProjectSection
EndProject
Project("{8BC9CEB8-8B4A-11D0-8D11-00A0C91BC942}") = "Image", "Image\Image.vcxproj", "{728D864D-4DFA-4D9C-B9AE-1260D2812D82}"
EndProject
Project("{8BC9CEB8-8B4A-11D0-8D11-00A0C91BC942}") = "Util", "Util\Util.vcxproj", "{08356E52-09DB-41F2-9C61-B44BB2B8D080}"
EndProject
Project("{8BC9CEB8-8B4A-11D0-8D11-00A0C91BC942}") = "HIKMTree", "HIKMTree\HIKMTree.vcxproj", "{C290C756-6691-4F82-97CF-9DA212DBAAF3}"
EndProject
Project("{8BC9CEB8-8B4A-11D0-8D11-00A0C91BC942}") = "Sift", "Sift\Sift.vcxproj", "{12CF77F4-3744-4672-9B06-D247004C9942}"
EndProject
Global
	GlobalSection(SolutionConfigurationPlatforms) = preSolution
		Debug|Win32 = Debug|Win32
		Release|Win32 = Release|Win32
	EndGlobalSection
	GlobalSection(ProjectConfigurationPlatforms) = postSolution
		{16ECE474-03CA-48B6-A213-3F2666C10F1D}.Debug|Win32.ActiveCfg = Debug|Win32
		{16ECE474-03CA-48B6-A213-3F2666C10F1D}.Debug|Win32.Build.0 = Debug|Win32
		{16ECE474-03CA-48B6-A213-3F2666C10F1D}.Release|Win32.ActiveCfg = Release|Win32
		{16ECE474-03CA-48B6-A213-3F2666C10F1D}.Release|Win32.Build.0 = Release|Win32
		{9F9EDF65-EC84-475F-A1EA-90331B457BFE}.Debug|Win32.ActiveCfg = Debug|Win32
		{9F9EDF65-EC84-475F-A1EA-90331B457BFE}.Debug|Win32.Build.0 = Debug|Win32
		{9F9EDF65-EC84-475F-A1EA-90331B457BFE}.Release|Win32.ActiveCfg = Release|Win32
		{9F9EDF65-EC84-475F-A1EA-90331B457BFE}.Release|Win32.Build.0 = Release|Win32
		{D5D5A0E5-3E6E-4309-B214-4C6644851F62}.Debug|Win32.ActiveCfg = Debug|Win32
		{D5D5A0E5-3E6E-4309-B214-4C6644851F62}.Debug|Win32.Build.0 = Debug|Win32
		{D5D5A0E5-3E6E-4309-B214-4C6644851F62}.Release|Win32.ActiveCfg = Release|Win32
		{D5D5A0E5-3E6E-4309-B214-4C6644851F62}.Release|Win32.Build.0 = Release|Win32
		{7D2396D2-958B-4CD5-B22A-7968D88B6EDA}.Debug|Win32.ActiveCfg = Debug|Win32
		{7D2396D2-958B-4CD5-B22A-7968D88B6EDA}.Debug|Win32.Build.0 = Debug|Win32
		{7D2396D2-958B-4CD5-B22A-7968D88B6EDA}.Release|Win32.ActiveCfg = Release|Win32
		{7D2396D2-958B-4CD5-B22A-7968D88B6EDA}.Release|Win32.Build.0 = Release|Win32
		{45657DF9-76D2-441F-94E7-74FF089F7930}.Debug|Win32.ActiveCfg = Debug|Win32
		{45657DF9-76D2-441F-94E7-74FF089F7930}.Debug|Win32.Build.0 = Debug|Win32
		{45657DF9-76D2-441F-94E7-74FF089F7930}.Release|Win32.ActiveCfg = Release|Win32
		{45657DF9-76D2-441F-94E7-74FF089F7930}.Release|Win32.Build.0 = Release|Win32
		{728D864D-4DFA-4D9C-B9AE-1260D2812D82}.Debug|Win32.ActiveCfg = Debug|Win32
		{728D864D-4DFA-4D9C-B9AE-1260D2812D82}.Debug|Win32.Build.0 = Debug|Win32
		{728D864D-4DFA-4D9C-B9AE-1260D2812D82}.Release|Win32.ActiveCfg = Release|Win32
		{728D864D-4DFA-4D9C-B9AE-1260D2812D82}.Release|Win32.Build.0 = Release|Win32
		{08356E52-09DB-41F2-9C61-B44BB2B8D080}.Debug|Win32.ActiveCfg = Debug|Win32
		{08356E52-09DB-41F2-9C61-B44BB2B8D080}.Debug|Win32.Build.0 = Debug|Win32
		{08356E52-09DB-41F2-9C61-B44BB2B8D080}.Release|Win32.ActiveCfg = Release|Win32
		{08356E52-09DB-41F2-9C61-B44BB2B8D080}.Release|Win32.Build.0 = Release|Win32
		{C290C756-6691-4F82-97CF-9DA212DBAAF3}.Debug|Win32.ActiveCfg = Debug|Win32
		{C290C756-6691-4F82-97CF-9DA212DBAAF3}.Debug|Win32.Build.0 = Debug|Win32
		{C290C756-6691-4F82-97CF-9DA212DBAAF3}.Release|Win32.ActiveCfg = Release|Win32
		{C290C756-6691-4F82-97CF-9DA212DBAAF3}.Release|Win32.Build.0 = Release|Win32
		{12CF77F4-3744-4672-9B06-D247004C9942}.Debug|Win32.ActiveCfg = Debug|Win32
		{12CF77F4-3744-4672-9B06-D247004C9942}.Debug|Win32.Build.0 = Debug|Win32
		{12CF77F4-3744-4672-9B06-D247004C9942}.Release|Win32.ActiveCfg = Release|Win32
		{12CF77F4-3744-4672-9B06-D247004C9942}.Release|Win32.Build.0 = Release|Win32
	EndGlobalSection
	GlobalSection(SolutionProperties) = preSolution
		HideSolutionNode = FALSE
	EndGlobalSection
EndGlobal
